
Microsoft Visual Studio Solution File, Format Version 12.00
# Visual Studio Version 17
VisualStudioVersion = 17.5.33424.131
MinimumVisualStudioVersion = 10.0.40219.1
Project("{FAE04EC0-301F-11D3-BF4B-00C04F79EFBC}") = "Bai 2 IMAP", "Bai 2 IMAP\Bai 2 IMAP.csproj", "{0E996CA9-99B3-40E5-B73F-353B1FBA271F}"
EndProject
Global
	GlobalSection(SolutionConfigurationPlatforms) = preSolution
		Debug|Any CPU = Debug|Any CPU
		Release|Any CPU = Release|Any CPU
	EndGlobalSection
	GlobalSection(ProjectConfigurationPlatforms) = postSolution
		{0E996CA9-99B3-40E5-B73F-353B1FBA271F}.Debug|Any CPU.ActiveCfg = Debug|Any CPU
		{0E996CA9-99B3-40E5-B73F-353B1FBA271F}.Debug|Any CPU.Build.0 = Debug|Any CPU
		{0E996CA9-99B3-40E5-B73F-353B1FBA271F}.Release|Any CPU.ActiveCfg = Release|Any CPU
		{0E996CA9-99B3-40E5-B73F-353B1FBA271F}.Release|Any CPU.Build.0 = Release|Any CPU
	EndGlobalSection
	GlobalSection(SolutionProperties) = preSolution
		HideSolutionNode = FALSE
	EndGlobalSection
	GlobalSection(ExtensibilityGlobals) = postSolution
		SolutionGuid = {FB966159-BA3B-4697-9636-D0A3FAA65D80}
	EndGlobalSection
EndGlobal
